
Microsoft Visual Studio Solution File, Format Version 12.00
# Visual Studio Version 17
VisualStudioVersion = 17.13.35931.197
MinimumVisualStudioVersion = 10.0.40219.1
Project("{FAE04EC0-301F-11D3-BF4B-00C04F79EFBC}") = "AccountService", "AccountService\AccountService.csproj", "{AB1D2B36-3D05-469B-8AB9-15FF9495B759}"
EndProject
Project("{E53339B2-1760-4266-BCC7-CA923CBCF16C}") = "docker-compose", "docker-compose.dcproj", "{81DDED9D-158B-E303-5F62-77A2896D2A5A}"
EndProject
Project("{FAE04EC0-301F-11D3-BF4B-00C04F79EFBC}") = "AuthService", "..\AuthService\AuthService.csproj", "{3FD56568-C7F9-428F-87F8-BCE8AC0F2469}"
EndProject
Global
	GlobalSection(SolutionConfigurationPlatforms) = preSolution
		Debug|Any CPU = Debug|Any CPU
		Release|Any CPU = Release|Any CPU
	EndGlobalSection
	GlobalSection(ProjectConfigurationPlatforms) = postSolution
		{AB1D2B36-3D05-469B-8AB9-15FF9495B759}.Debug|Any CPU.ActiveCfg = Debug|Any CPU
		{AB1D2B36-3D05-469B-8AB9-15FF9495B759}.Debug|Any CPU.Build.0 = Debug|Any CPU
		{AB1D2B36-3D05-469B-8AB9-15FF9495B759}.Release|Any CPU.ActiveCfg = Release|Any CPU
		{AB1D2B36-3D05-469B-8AB9-15FF9495B759}.Release|Any CPU.Build.0 = Release|Any CPU
		{81DDED9D-158B-E303-5F62-77A2896D2A5A}.Debug|Any CPU.ActiveCfg = Debug|Any CPU
		{81DDED9D-158B-E303-5F62-77A2896D2A5A}.Debug|Any CPU.Build.0 = Debug|Any CPU
		{81DDED9D-158B-E303-5F62-77A2896D2A5A}.Release|Any CPU.ActiveCfg = Release|Any CPU
		{81DDED9D-158B-E303-5F62-77A2896D2A5A}.Release|Any CPU.Build.0 = Release|Any CPU
		{3FD56568-C7F9-428F-87F8-BCE8AC0F2469}.Debug|Any CPU.ActiveCfg = Debug|Any CPU
		{3FD56568-C7F9-428F-87F8-BCE8AC0F2469}.Debug|Any CPU.Build.0 = Debug|Any CPU
		{3FD56568-C7F9-428F-87F8-BCE8AC0F2469}.Release|Any CPU.ActiveCfg = Release|Any CPU
		{3FD56568-C7F9-428F-87F8-BCE8AC0F2469}.Release|Any CPU.Build.0 = Release|Any CPU
	EndGlobalSection
	GlobalSection(SolutionProperties) = preSolution
		HideSolutionNode = FALSE
	EndGlobalSection
	GlobalSection(ExtensibilityGlobals) = postSolution
		SolutionGuid = {7DF83C6B-8C2E-486C-BD9D-D6AD99F32B10}
	EndGlobalSection
EndGlobal
